// !$*UTF8*$!
{
	archiveVersion = 1;
	classes = {
	};
	objectVersion = 51;
	objects = {

/* Begin PBXBuildFile section */
		2F9C611223FD2FAB00ABFA70 /* EmailSignUpPasswordView.swift in Sources */ = {isa = PBXBuildFile; fileRef = 2F9C611123FD2FAB00ABFA70 /* EmailSignUpPasswordView.swift */; };
		2F9C611423FD30D900ABFA70 /* EmailSignUpPasswordViewController.swift in Sources */ = {isa = PBXBuildFile; fileRef = 2F9C611323FD30D900ABFA70 /* EmailSignUpPasswordViewController.swift */; };
		2F9C611623FE78B200ABFA70 /* UserModel.swift in Sources */ = {isa = PBXBuildFile; fileRef = 2F9C611523FE78B200ABFA70 /* UserModel.swift */; };
		2F9C611823FE87EA00ABFA70 /* SupportingFile.swift in Sources */ = {isa = PBXBuildFile; fileRef = 2F9C611723FE87EA00ABFA70 /* SupportingFile.swift */; };
		550A07F323DED0FF00957FD9 /* FeedItemModel.swift in Sources */ = {isa = PBXBuildFile; fileRef = 550A07F223DED0FF00957FD9 /* FeedItemModel.swift */; };
		5565310D23E2CF0000E97E0D /* Billabong.ttf in Resources */ = {isa = PBXBuildFile; fileRef = 5565310C23E2CD3300E97E0D /* Billabong.ttf */; };
		5565310E23E2CF3200E97E0D /* Billabong.ttf in Sources */ = {isa = PBXBuildFile; fileRef = 5565310C23E2CD3300E97E0D /* Billabong.ttf */; };
		5568A8ED23E2AAC500016465 /* LoginViewController.swift in Sources */ = {isa = PBXBuildFile; fileRef = 5568A8EC23E2AAC500016465 /* LoginViewController.swift */; };
		5568A8EF23E2AAE500016465 /* LoginView.swift in Sources */ = {isa = PBXBuildFile; fileRef = 5568A8EE23E2AAE500016465 /* LoginView.swift */; };
		557BEA1523F143CE009DF611 /* countryCodes.json in Resources */ = {isa = PBXBuildFile; fileRef = 557BEA1423F143CE009DF611 /* countryCodes.json */; };
		557BEA1723F144A4009DF611 /* CountryCodeView.swift in Sources */ = {isa = PBXBuildFile; fileRef = 557BEA1623F144A4009DF611 /* CountryCodeView.swift */; };
		557BEA1A23F14E61009DF611 /* CountryCodeViewModel.swift in Sources */ = {isa = PBXBuildFile; fileRef = 557BEA1923F14E61009DF611 /* CountryCodeViewModel.swift */; };
		557BEA1C23F14E7F009DF611 /* CountryCodeModel.swift in Sources */ = {isa = PBXBuildFile; fileRef = 557BEA1B23F14E7F009DF611 /* CountryCodeModel.swift */; };
		55883E3F23E150AF00778CEC /* GoogleService-Info.plist in Resources */ = {isa = PBXBuildFile; fileRef = 55883E3E23E150AF00778CEC /* GoogleService-Info.plist */; };
		55A2181623DAFE7800588D8F /* AppDelegate.swift in Sources */ = {isa = PBXBuildFile; fileRef = 55A2181523DAFE7800588D8F /* AppDelegate.swift */; };
		55A2181823DAFE7800588D8F /* SceneDelegate.swift in Sources */ = {isa = PBXBuildFile; fileRef = 55A2181723DAFE7800588D8F /* SceneDelegate.swift */; };
		55A2181A23DAFE7800588D8F /* ViewController.swift in Sources */ = {isa = PBXBuildFile; fileRef = 55A2181923DAFE7800588D8F /* ViewController.swift */; };
		55A2181D23DAFE7800588D8F /* Main.storyboard in Resources */ = {isa = PBXBuildFile; fileRef = 55A2181B23DAFE7800588D8F /* Main.storyboard */; };
		55A2181F23DAFE7900588D8F /* Assets.xcassets in Resources */ = {isa = PBXBuildFile; fileRef = 55A2181E23DAFE7900588D8F /* Assets.xcassets */; };
		55A2182223DAFE7900588D8F /* LaunchScreen.storyboard in Resources */ = {isa = PBXBuildFile; fileRef = 55A2182023DAFE7900588D8F /* LaunchScreen.storyboard */; };
		55A2182B23DB004700588D8F /* FeedItemView.swift in Sources */ = {isa = PBXBuildFile; fileRef = 55A2182A23DB004700588D8F /* FeedItemView.swift */; };
		55D6A51D23E97E33006C66AC /* SignUpView.swift in Sources */ = {isa = PBXBuildFile; fileRef = 55D6A51C23E97E33006C66AC /* SignUpView.swift */; };
		55D6A51F23E9827D006C66AC /* SignUpViewController.swift in Sources */ = {isa = PBXBuildFile; fileRef = 55D6A51E23E9827D006C66AC /* SignUpViewController.swift */; };
		55D6A52123EA965E006C66AC /* SignUpOptionsView.swift in Sources */ = {isa = PBXBuildFile; fileRef = 55D6A52023EA965E006C66AC /* SignUpOptionsView.swift */; };
		55D6A52323EA96A3006C66AC /* SignUpOptionsViewController.swift in Sources */ = {isa = PBXBuildFile; fileRef = 55D6A52223EA96A3006C66AC /* SignUpOptionsViewController.swift */; };
		F27ADDB8FE9555FA41A3ACE2 /* Pods_InstagramClone.framework in Frameworks */ = {isa = PBXBuildFile; fileRef = 9279FE7F0CC89BD364024447 /* Pods_InstagramClone.framework */; };
/* End PBXBuildFile section */

/* Begin PBXFileReference section */
		2AE90B37A9D452405454C45E /* Pods-InstagramClone.release.xcconfig */ = {isa = PBXFileReference; includeInIndex = 1; lastKnownFileType = text.xcconfig; name = "Pods-InstagramClone.release.xcconfig"; path = "Target Support Files/Pods-InstagramClone/Pods-InstagramClone.release.xcconfig"; sourceTree = "<group>"; };
		2F9C611123FD2FAB00ABFA70 /* EmailSignUpPasswordView.swift */ = {isa = PBXFileReference; lastKnownFileType = sourcecode.swift; path = EmailSignUpPasswordView.swift; sourceTree = "<group>"; };
		2F9C611323FD30D900ABFA70 /* EmailSignUpPasswordViewController.swift */ = {isa = PBXFileReference; lastKnownFileType = sourcecode.swift; path = EmailSignUpPasswordViewController.swift; sourceTree = "<group>"; };
		2F9C611523FE78B200ABFA70 /* UserModel.swift */ = {isa = PBXFileReference; lastKnownFileType = sourcecode.swift; path = UserModel.swift; sourceTree = "<group>"; };
		2F9C611723FE87EA00ABFA70 /* SupportingFile.swift */ = {isa = PBXFileReference; lastKnownFileType = sourcecode.swift; path = SupportingFile.swift; sourceTree = "<group>"; };
		550A07F223DED0FF00957FD9 /* FeedItemModel.swift */ = {isa = PBXFileReference; lastKnownFileType = sourcecode.swift; path = FeedItemModel.swift; sourceTree = "<group>"; };
		5565310C23E2CD3300E97E0D /* Billabong.ttf */ = {isa = PBXFileReference; lastKnownFileType = file; path = Billabong.ttf; sourceTree = "<group>"; };
		5568A8EC23E2AAC500016465 /* LoginViewController.swift */ = {isa = PBXFileReference; lastKnownFileType = sourcecode.swift; path = LoginViewController.swift; sourceTree = "<group>"; };
		5568A8EE23E2AAE500016465 /* LoginView.swift */ = {isa = PBXFileReference; lastKnownFileType = sourcecode.swift; path = LoginView.swift; sourceTree = "<group>"; };
		557BEA1423F143CE009DF611 /* countryCodes.json */ = {isa = PBXFileReference; fileEncoding = 4; lastKnownFileType = text.json; path = countryCodes.json; sourceTree = "<group>"; };
		557BEA1623F144A4009DF611 /* CountryCodeView.swift */ = {isa = PBXFileReference; lastKnownFileType = sourcecode.swift; path = CountryCodeView.swift; sourceTree = "<group>"; };
		557BEA1923F14E61009DF611 /* CountryCodeViewModel.swift */ = {isa = PBXFileReference; lastKnownFileType = sourcecode.swift; path = CountryCodeViewModel.swift; sourceTree = "<group>"; };
		557BEA1B23F14E7F009DF611 /* CountryCodeModel.swift */ = {isa = PBXFileReference; lastKnownFileType = sourcecode.swift; path = CountryCodeModel.swift; sourceTree = "<group>"; };
		55883E3E23E150AF00778CEC /* GoogleService-Info.plist */ = {isa = PBXFileReference; fileEncoding = 4; lastKnownFileType = text.plist.xml; path = "GoogleService-Info.plist"; sourceTree = "<group>"; };
		55A2181223DAFE7800588D8F /* InstagramClone.app */ = {isa = PBXFileReference; explicitFileType = wrapper.application; includeInIndex = 0; path = InstagramClone.app; sourceTree = BUILT_PRODUCTS_DIR; };
		55A2181523DAFE7800588D8F /* AppDelegate.swift */ = {isa = PBXFileReference; lastKnownFileType = sourcecode.swift; path = AppDelegate.swift; sourceTree = "<group>"; };
		55A2181723DAFE7800588D8F /* SceneDelegate.swift */ = {isa = PBXFileReference; lastKnownFileType = sourcecode.swift; path = SceneDelegate.swift; sourceTree = "<group>"; };
		55A2181923DAFE7800588D8F /* ViewController.swift */ = {isa = PBXFileReference; lastKnownFileType = sourcecode.swift; path = ViewController.swift; sourceTree = "<group>"; };
		55A2181C23DAFE7800588D8F /* Base */ = {isa = PBXFileReference; lastKnownFileType = file.storyboard; name = Base; path = Base.lproj/Main.storyboard; sourceTree = "<group>"; };
		55A2181E23DAFE7900588D8F /* Assets.xcassets */ = {isa = PBXFileReference; lastKnownFileType = folder.assetcatalog; path = Assets.xcassets; sourceTree = "<group>"; };
		55A2182123DAFE7900588D8F /* Base */ = {isa = PBXFileReference; lastKnownFileType = file.storyboard; name = Base; path = Base.lproj/LaunchScreen.storyboard; sourceTree = "<group>"; };
		55A2182323DAFE7900588D8F /* Info.plist */ = {isa = PBXFileReference; lastKnownFileType = text.plist.xml; path = Info.plist; sourceTree = "<group>"; };
		55A2182A23DB004700588D8F /* FeedItemView.swift */ = {isa = PBXFileReference; lastKnownFileType = sourcecode.swift; path = FeedItemView.swift; sourceTree = "<group>"; };
		55D6A51C23E97E33006C66AC /* SignUpView.swift */ = {isa = PBXFileReference; lastKnownFileType = sourcecode.swift; path = SignUpView.swift; sourceTree = "<group>"; };
		55D6A51E23E9827D006C66AC /* SignUpViewController.swift */ = {isa = PBXFileReference; lastKnownFileType = sourcecode.swift; path = SignUpViewController.swift; sourceTree = "<group>"; };
		55D6A52023EA965E006C66AC /* SignUpOptionsView.swift */ = {isa = PBXFileReference; lastKnownFileType = sourcecode.swift; path = SignUpOptionsView.swift; sourceTree = "<group>"; };
		55D6A52223EA96A3006C66AC /* SignUpOptionsViewController.swift */ = {isa = PBXFileReference; lastKnownFileType = sourcecode.swift; path = SignUpOptionsViewController.swift; sourceTree = "<group>"; };
		9279FE7F0CC89BD364024447 /* Pods_InstagramClone.framework */ = {isa = PBXFileReference; explicitFileType = wrapper.framework; includeInIndex = 0; path = Pods_InstagramClone.framework; sourceTree = BUILT_PRODUCTS_DIR; };
		9EBCCAD32A6F0472947B6AAF /* Pods-InstagramClone.debug.xcconfig */ = {isa = PBXFileReference; includeInIndex = 1; lastKnownFileType = text.xcconfig; name = "Pods-InstagramClone.debug.xcconfig"; path = "Target Support Files/Pods-InstagramClone/Pods-InstagramClone.debug.xcconfig"; sourceTree = "<group>"; };
/* End PBXFileReference section */

/* Begin PBXFrameworksBuildPhase section */
		55A2180F23DAFE7800588D8F /* Frameworks */ = {
			isa = PBXFrameworksBuildPhase;
			buildActionMask = 2147483647;
			files = (
				F27ADDB8FE9555FA41A3ACE2 /* Pods_InstagramClone.framework in Frameworks */,
			);
			runOnlyForDeploymentPostprocessing = 0;
		};
/* End PBXFrameworksBuildPhase section */

/* Begin PBXGroup section */
		5565310B23E2CD2700E97E0D /* Resources */ = {
			isa = PBXGroup;
			children = (
				557BEA1423F143CE009DF611 /* countryCodes.json */,
				5565310C23E2CD3300E97E0D /* Billabong.ttf */,
				2F9C611723FE87EA00ABFA70 /* SupportingFile.swift */,
			);
			path = Resources;
			sourceTree = "<group>";
		};
		5568A8EB23E2AA9400016465 /* View Controllers */ = {
			isa = PBXGroup;
			children = (
				55A2181923DAFE7800588D8F /* ViewController.swift */,
				5568A8EC23E2AAC500016465 /* LoginViewController.swift */,
				55D6A51E23E9827D006C66AC /* SignUpViewController.swift */,
				55D6A52223EA96A3006C66AC /* SignUpOptionsViewController.swift */,
				2F9C611323FD30D900ABFA70 /* EmailSignUpPasswordViewController.swift */,
			);
			path = "View Controllers";
			sourceTree = "<group>";
		};
		557BEA1823F14E38009DF611 /* View Models */ = {
			isa = PBXGroup;
			children = (
				557BEA1923F14E61009DF611 /* CountryCodeViewModel.swift */,
			);
			path = "View Models";
			sourceTree = "<group>";
		};
		557BEA1E23F14E94009DF611 /* Models */ = {
			isa = PBXGroup;
			children = (
				557BEA1B23F14E7F009DF611 /* CountryCodeModel.swift */,
				2F9C611523FE78B200ABFA70 /* UserModel.swift */,
			);
			path = Models;
			sourceTree = "<group>";
		};
		55A2180923DAFE7800588D8F = {
			isa = PBXGroup;
			children = (
				55A2181423DAFE7800588D8F /* InstagramClone */,
				55A2181323DAFE7800588D8F /* Products */,
				FB281D6C0CF377C78435B0B8 /* Pods */,
				E787268BCCCE9F4DAB4BE6FB /* Frameworks */,
			);
			sourceTree = "<group>";
		};
		55A2181323DAFE7800588D8F /* Products */ = {
			isa = PBXGroup;
			children = (
				55A2181223DAFE7800588D8F /* InstagramClone.app */,
			);
			name = Products;
			sourceTree = "<group>";
		};
		55A2181423DAFE7800588D8F /* InstagramClone */ = {
			isa = PBXGroup;
			children = (
				5565310B23E2CD2700E97E0D /* Resources */,
				557BEA1E23F14E94009DF611 /* Models */,
				557BEA1823F14E38009DF611 /* View Models */,
				5568A8EB23E2AA9400016465 /* View Controllers */,
				55A2182923DB000100588D8F /* View */,
				55A2181523DAFE7800588D8F /* AppDelegate.swift */,
				55A2181723DAFE7800588D8F /* SceneDelegate.swift */,
				55A2181E23DAFE7900588D8F /* Assets.xcassets */,
				55A2181B23DAFE7800588D8F /* Main.storyboard */,
				55A2182023DAFE7900588D8F /* LaunchScreen.storyboard */,
				55883E3E23E150AF00778CEC /* GoogleService-Info.plist */,
				55A2182323DAFE7900588D8F /* Info.plist */,
				550A07F223DED0FF00957FD9 /* FeedItemModel.swift */,
			);
			path = InstagramClone;
			sourceTree = "<group>";
		};
		55A2182923DB000100588D8F /* View */ = {
			isa = PBXGroup;
			children = (
				55A2182A23DB004700588D8F /* FeedItemView.swift */,
				5568A8EE23E2AAE500016465 /* LoginView.swift */,
				55D6A51C23E97E33006C66AC /* SignUpView.swift */,
				55D6A52023EA965E006C66AC /* SignUpOptionsView.swift */,
				557BEA1623F144A4009DF611 /* CountryCodeView.swift */,
				2F9C611123FD2FAB00ABFA70 /* EmailSignUpPasswordView.swift */,
			);
			path = View;
			sourceTree = "<group>";
		};
		E787268BCCCE9F4DAB4BE6FB /* Frameworks */ = {
			isa = PBXGroup;
			children = (
				9279FE7F0CC89BD364024447 /* Pods_InstagramClone.framework */,
			);
			name = Frameworks;
			sourceTree = "<group>";
		};
		FB281D6C0CF377C78435B0B8 /* Pods */ = {
			isa = PBXGroup;
			children = (
				9EBCCAD32A6F0472947B6AAF /* Pods-InstagramClone.debug.xcconfig */,
				2AE90B37A9D452405454C45E /* Pods-InstagramClone.release.xcconfig */,
			);
			path = Pods;
			sourceTree = "<group>";
		};
/* End PBXGroup section */

/* Begin PBXNativeTarget section */
		55A2181123DAFE7800588D8F /* InstagramClone */ = {
			isa = PBXNativeTarget;
			buildConfigurationList = 55A2182623DAFE7900588D8F /* Build configuration list for PBXNativeTarget "InstagramClone" */;
			buildPhases = (
				E9B92B368A1A010A14486568 /* [CP] Check Pods Manifest.lock */,
				55A2180E23DAFE7800588D8F /* Sources */,
				55A2180F23DAFE7800588D8F /* Frameworks */,
				55A2181023DAFE7800588D8F /* Resources */,
				8F0DD255BA92E12EE83F49D1 /* [CP] Embed Pods Frameworks */,
			);
			buildRules = (
			);
			dependencies = (
			);
			name = InstagramClone;
			productName = InstagramClone;
			productReference = 55A2181223DAFE7800588D8F /* InstagramClone.app */;
			productType = "com.apple.product-type.application";
		};
/* End PBXNativeTarget section */

/* Begin PBXProject section */
		55A2180A23DAFE7800588D8F /* Project object */ = {
			isa = PBXProject;
			attributes = {
				LastSwiftUpdateCheck = 1120;
				LastUpgradeCheck = 1120;
				ORGANIZATIONNAME = Kushal;
				TargetAttributes = {
					55A2181123DAFE7800588D8F = {
						CreatedOnToolsVersion = 11.2.1;
					};
				};
			};
			buildConfigurationList = 55A2180D23DAFE7800588D8F /* Build configuration list for PBXProject "InstagramClone" */;
			compatibilityVersion = "Xcode 9.3";
			developmentRegion = en;
			hasScannedForEncodings = 0;
			knownRegions = (
				en,
				Base,
			);
			mainGroup = 55A2180923DAFE7800588D8F;
			productRefGroup = 55A2181323DAFE7800588D8F /* Products */;
			projectDirPath = "";
			projectRoot = "";
			targets = (
				55A2181123DAFE7800588D8F /* InstagramClone */,
			);
		};
/* End PBXProject section */

/* Begin PBXResourcesBuildPhase section */
		55A2181023DAFE7800588D8F /* Resources */ = {
			isa = PBXResourcesBuildPhase;
			buildActionMask = 2147483647;
			files = (
				5565310D23E2CF0000E97E0D /* Billabong.ttf in Resources */,
				55A2182223DAFE7900588D8F /* LaunchScreen.storyboard in Resources */,
				55883E3F23E150AF00778CEC /* GoogleService-Info.plist in Resources */,
				557BEA1523F143CE009DF611 /* countryCodes.json in Resources */,
				55A2181F23DAFE7900588D8F /* Assets.xcassets in Resources */,
				55A2181D23DAFE7800588D8F /* Main.storyboard in Resources */,
			);
			runOnlyForDeploymentPostprocessing = 0;
		};
/* End PBXResourcesBuildPhase section */

/* Begin PBXShellScriptBuildPhase section */
		8F0DD255BA92E12EE83F49D1 /* [CP] Embed Pods Frameworks */ = {
			isa = PBXShellScriptBuildPhase;
			buildActionMask = 2147483647;
			files = (
			);
			inputFileListPaths = (
				"${PODS_ROOT}/Target Support Files/Pods-InstagramClone/Pods-InstagramClone-frameworks-${CONFIGURATION}-input-files.xcfilelist",
			);
			name = "[CP] Embed Pods Frameworks";
			outputFileListPaths = (
				"${PODS_ROOT}/Target Support Files/Pods-InstagramClone/Pods-InstagramClone-frameworks-${CONFIGURATION}-output-files.xcfilelist",
			);
			runOnlyForDeploymentPostprocessing = 0;
			shellPath = /bin/sh;
			shellScript = "\"${PODS_ROOT}/Target Support Files/Pods-InstagramClone/Pods-InstagramClone-frameworks.sh\"\n";
			showEnvVarsInLog = 0;
		};
		E9B92B368A1A010A14486568 /* [CP] Check Pods Manifest.lock */ = {
			isa = PBXShellScriptBuildPhase;
			buildActionMask = 2147483647;
			files = (
			);
			inputFileListPaths = (
			);
			inputPaths = (
				"${PODS_PODFILE_DIR_PATH}/Podfile.lock",
				"${PODS_ROOT}/Manifest.lock",
			);
			name = "[CP] Check Pods Manifest.lock";
			outputFileListPaths = (
			);
			outputPaths = (
				"$(DERIVED_FILE_DIR)/Pods-InstagramClone-checkManifestLockResult.txt",
			);
			runOnlyForDeploymentPostprocessing = 0;
			shellPath = /bin/sh;
			shellScript = "diff \"${PODS_PODFILE_DIR_PATH}/Podfile.lock\" \"${PODS_ROOT}/Manifest.lock\" > /dev/null\nif [ $? != 0 ] ; then\n    # print error to STDERR\n    echo \"error: The sandbox is not in sync with the Podfile.lock. Run 'pod install' or update your CocoaPods installation.\" >&2\n    exit 1\nfi\n# This output is used by Xcode 'outputs' to avoid re-running this script phase.\necho \"SUCCESS\" > \"${SCRIPT_OUTPUT_FILE_0}\"\n";
			showEnvVarsInLog = 0;
		};
/* End PBXShellScriptBuildPhase section */

/* Begin PBXSourcesBuildPhase section */
		55A2180E23DAFE7800588D8F /* Sources */ = {
			isa = PBXSourcesBuildPhase;
			buildActionMask = 2147483647;
			files = (
				5565310E23E2CF3200E97E0D /* Billabong.ttf in Sources */,
				5568A8ED23E2AAC500016465 /* LoginViewController.swift in Sources */,
				55D6A52123EA965E006C66AC /* SignUpOptionsView.swift in Sources */,
				5568A8EF23E2AAE500016465 /* LoginView.swift in Sources */,
				2F9C611223FD2FAB00ABFA70 /* EmailSignUpPasswordView.swift in Sources */,
				557BEA1A23F14E61009DF611 /* CountryCodeViewModel.swift in Sources */,
				2F9C611823FE87EA00ABFA70 /* SupportingFile.swift in Sources */,
				2F9C611423FD30D900ABFA70 /* EmailSignUpPasswordViewController.swift in Sources */,
				557BEA1723F144A4009DF611 /* CountryCodeView.swift in Sources */,
				557BEA1C23F14E7F009DF611 /* CountryCodeModel.swift in Sources */,
				55A2181A23DAFE7800588D8F /* ViewController.swift in Sources */,
				55D6A51F23E9827D006C66AC /* SignUpViewController.swift in Sources */,
				550A07F323DED0FF00957FD9 /* FeedItemModel.swift in Sources */,
				55D6A52323EA96A3006C66AC /* SignUpOptionsViewController.swift in Sources */,
				55A2181623DAFE7800588D8F /* AppDelegate.swift in Sources */,
				55A2181823DAFE7800588D8F /* SceneDelegate.swift in Sources */,
				55D6A51D23E97E33006C66AC /* SignUpView.swift in Sources */,
				2F9C611623FE78B200ABFA70 /* UserModel.swift in Sources */,
				55A2182B23DB004700588D8F /* FeedItemView.swift in Sources */,
			);
			runOnlyForDeploymentPostprocessing = 0;
		};
/* End PBXSourcesBuildPhase section */

/* Begin PBXVariantGroup section */
		55A2181B23DAFE7800588D8F /* Main.storyboard */ = {
			isa = PBXVariantGroup;
			children = (
				55A2181C23DAFE7800588D8F /* Base */,
			);
			name = Main.storyboard;
			sourceTree = "<group>";
		};
		55A2182023DAFE7900588D8F /* LaunchScreen.storyboard */ = {
			isa = PBXVariantGroup;
			children = (
				55A2182123DAFE7900588D8F /* Base */,
			);
			name = LaunchScreen.storyboard;
			sourceTree = "<group>";
		};
/* End PBXVariantGroup section */

/* Begin XCBuildConfiguration section */
		55A2182423DAFE7900588D8F /* Debug */ = {
			isa = XCBuildConfiguration;
			buildSettings = {
				ALWAYS_SEARCH_USER_PATHS = NO;
				CLANG_ANALYZER_NONNULL = YES;
				CLANG_ANALYZER_NUMBER_OBJECT_CONVERSION = YES_AGGRESSIVE;
				CLANG_CXX_LANGUAGE_STANDARD = "gnu++14";
				CLANG_CXX_LIBRARY = "libc++";
				CLANG_ENABLE_MODULES = YES;
				CLANG_ENABLE_OBJC_ARC = YES;
				CLANG_ENABLE_OBJC_WEAK = YES;
				CLANG_WARN_BLOCK_CAPTURE_AUTORELEASING = YES;
				CLANG_WARN_BOOL_CONVERSION = YES;
				CLANG_WARN_COMMA = YES;
				CLANG_WARN_CONSTANT_CONVERSION = YES;
				CLANG_WARN_DEPRECATED_OBJC_IMPLEMENTATIONS = YES;
				CLANG_WARN_DIRECT_OBJC_ISA_USAGE = YES_ERROR;
				CLANG_WARN_DOCUMENTATION_COMMENTS = YES;
				CLANG_WARN_EMPTY_BODY = YES;
				CLANG_WARN_ENUM_CONVERSION = YES;
				CLANG_WARN_INFINITE_RECURSION = YES;
				CLANG_WARN_INT_CONVERSION = YES;
				CLANG_WARN_NON_LITERAL_NULL_CONVERSION = YES;
				CLANG_WARN_OBJC_IMPLICIT_RETAIN_SELF = YES;
				CLANG_WARN_OBJC_LITERAL_CONVERSION = YES;
				CLANG_WARN_OBJC_ROOT_CLASS = YES_ERROR;
				CLANG_WARN_RANGE_LOOP_ANALYSIS = YES;
				CLANG_WARN_STRICT_PROTOTYPES = YES;
				CLANG_WARN_SUSPICIOUS_MOVE = YES;
				CLANG_WARN_UNGUARDED_AVAILABILITY = YES_AGGRESSIVE;
				CLANG_WARN_UNREACHABLE_CODE = YES;
				CLANG_WARN__DUPLICATE_METHOD_MATCH = YES;
				COPY_PHASE_STRIP = NO;
				DEBUG_INFORMATION_FORMAT = dwarf;
				ENABLE_STRICT_OBJC_MSGSEND = YES;
				ENABLE_TESTABILITY = YES;
				GCC_C_LANGUAGE_STANDARD = gnu11;
				GCC_DYNAMIC_NO_PIC = NO;
				GCC_NO_COMMON_BLOCKS = YES;
				GCC_OPTIMIZATION_LEVEL = 0;
				GCC_PREPROCESSOR_DEFINITIONS = (
					"DEBUG=1",
					"$(inherited)",
				);
				GCC_WARN_64_TO_32_BIT_CONVERSION = YES;
				GCC_WARN_ABOUT_RETURN_TYPE = YES_ERROR;
				GCC_WARN_UNDECLARED_SELECTOR = YES;
				GCC_WARN_UNINITIALIZED_AUTOS = YES_AGGRESSIVE;
				GCC_WARN_UNUSED_FUNCTION = YES;
				GCC_WARN_UNUSED_VARIABLE = YES;
				IPHONEOS_DEPLOYMENT_TARGET = 13.2;
				MTL_ENABLE_DEBUG_INFO = INCLUDE_SOURCE;
				MTL_FAST_MATH = YES;
				ONLY_ACTIVE_ARCH = YES;
				SDKROOT = iphoneos;
				SWIFT_ACTIVE_COMPILATION_CONDITIONS = DEBUG;
				SWIFT_OPTIMIZATION_LEVEL = "-Onone";
			};
			name = Debug;
		};
		55A2182523DAFE7900588D8F /* Release */ = {
			isa = XCBuildConfiguration;
			buildSettings = {
				ALWAYS_SEARCH_USER_PATHS = NO;
				CLANG_ANALYZER_NONNULL = YES;
				CLANG_ANALYZER_NUMBER_OBJECT_CONVERSION = YES_AGGRESSIVE;
				CLANG_CXX_LANGUAGE_STANDARD = "gnu++14";
				CLANG_CXX_LIBRARY = "libc++";
				CLANG_ENABLE_MODULES = YES;
				CLANG_ENABLE_OBJC_ARC = YES;
				CLANG_ENABLE_OBJC_WEAK = YES;
				CLANG_WARN_BLOCK_CAPTURE_AUTORELEASING = YES;
				CLANG_WARN_BOOL_CONVERSION = YES;
				CLANG_WARN_COMMA = YES;
				CLANG_WARN_CONSTANT_CONVERSION = YES;
				CLANG_WARN_DEPRECATED_OBJC_IMPLEMENTATIONS = YES;
				CLANG_WARN_DIRECT_OBJC_ISA_USAGE = YES_ERROR;
				CLANG_WARN_DOCUMENTATION_COMMENTS = YES;
				CLANG_WARN_EMPTY_BODY = YES;
				CLANG_WARN_ENUM_CONVERSION = YES;
				CLANG_WARN_INFINITE_RECURSION = YES;
				CLANG_WARN_INT_CONVERSION = YES;
				CLANG_WARN_NON_LITERAL_NULL_CONVERSION = YES;
				CLANG_WARN_OBJC_IMPLICIT_RETAIN_SELF = YES;
				CLANG_WARN_OBJC_LITERAL_CONVERSION = YES;
				CLANG_WARN_OBJC_ROOT_CLASS = YES_ERROR;
				CLANG_WARN_RANGE_LOOP_ANALYSIS = YES;
				CLANG_WARN_STRICT_PROTOTYPES = YES;
				CLANG_WARN_SUSPICIOUS_MOVE = YES;
				CLANG_WARN_UNGUARDED_AVAILABILITY = YES_AGGRESSIVE;
				CLANG_WARN_UNREACHABLE_CODE = YES;
				CLANG_WARN__DUPLICATE_METHOD_MATCH = YES;
				COPY_PHASE_STRIP = NO;
				DEBUG_INFORMATION_FORMAT = "dwarf-with-dsym";
				ENABLE_NS_ASSERTIONS = NO;
				ENABLE_STRICT_OBJC_MSGSEND = YES;
				GCC_C_LANGUAGE_STANDARD = gnu11;
				GCC_NO_COMMON_BLOCKS = YES;
				GCC_WARN_64_TO_32_BIT_CONVERSION = YES;
				GCC_WARN_ABOUT_RETURN_TYPE = YES_ERROR;
				GCC_WARN_UNDECLARED_SELECTOR = YES;
				GCC_WARN_UNINITIALIZED_AUTOS = YES_AGGRESSIVE;
				GCC_WARN_UNUSED_FUNCTION = YES;
				GCC_WARN_UNUSED_VARIABLE = YES;
				IPHONEOS_DEPLOYMENT_TARGET = 13.2;
				MTL_ENABLE_DEBUG_INFO = NO;
				MTL_FAST_MATH = YES;
				SDKROOT = iphoneos;
				SWIFT_COMPILATION_MODE = wholemodule;
				SWIFT_OPTIMIZATION_LEVEL = "-O";
				VALIDATE_PRODUCT = YES;
			};
			name = Release;
		};
		55A2182723DAFE7900588D8F /* Debug */ = {
			isa = XCBuildConfiguration;
			baseConfigurationReference = 9EBCCAD32A6F0472947B6AAF /* Pods-InstagramClone.debug.xcconfig */;
			buildSettings = {
				ASSETCATALOG_COMPILER_APPICON_NAME = AppIcon;
				CODE_SIGN_STYLE = Automatic;
				DEVELOPMENT_TEAM = B2DU4BCA44;
				INFOPLIST_FILE = InstagramClone/Info.plist;
				LD_RUNPATH_SEARCH_PATHS = (
					"$(inherited)",
					"@executable_path/Frameworks",
				);
				PRODUCT_BUNDLE_IDENTIFIER = com.kushalmukherjee.InstagramClone;
				PRODUCT_NAME = "$(TARGET_NAME)";
				SWIFT_VERSION = 5.0;
				TARGETED_DEVICE_FAMILY = 1;
			};
			name = Debug;
		};
		55A2182823DAFE7900588D8F /* Release */ = {
			isa = XCBuildConfiguration;
			baseConfigurationReference = 2AE90B37A9D452405454C45E /* Pods-InstagramClone.release.xcconfig */;
			buildSettings = {
				ASSETCATALOG_COMPILER_APPICON_NAME = AppIcon;
				CODE_SIGN_STYLE = Automatic;
				DEVELOPMENT_TEAM = B2DU4BCA44;
				INFOPLIST_FILE = InstagramClone/Info.plist;
				LD_RUNPATH_SEARCH_PATHS = (
					"$(inherited)",
					"@executable_path/Frameworks",
				);
				PRODUCT_BUNDLE_IDENTIFIER = com.kushalmukherjee.InstagramClone;
				PRODUCT_NAME = "$(TARGET_NAME)";
				SWIFT_VERSION = 5.0;
				TARGETED_DEVICE_FAMILY = 1;
			};
			name = Release;
		};
/* End XCBuildConfiguration section */

/* Begin XCConfigurationList section */
		55A2180D23DAFE7800588D8F /* Build configuration list for PBXProject "InstagramClone" */ = {
			isa = XCConfigurationList;
			buildConfigurations = (
				55A2182423DAFE7900588D8F /* Debug */,
				55A2182523DAFE7900588D8F /* Release */,
			);
			defaultConfigurationIsVisible = 0;
			defaultConfigurationName = Release;
		};
		55A2182623DAFE7900588D8F /* Build configuration list for PBXNativeTarget "InstagramClone" */ = {
			isa = XCConfigurationList;
			buildConfigurations = (
				55A2182723DAFE7900588D8F /* Debug */,
				55A2182823DAFE7900588D8F /* Release */,
			);
			defaultConfigurationIsVisible = 0;
			defaultConfigurationName = Release;
		};
/* End XCConfigurationList section */
	};
	rootObject = 55A2180A23DAFE7800588D8F /* Project object */;
}
